
Microsoft Visual Studio Solution File, Format Version 12.00
# Visual Studio Version 16
VisualStudioVersion = 16.0.31205.134
MinimumVisualStudioVersion = 10.0.40219.1
Project("{9A19103F-16F7-4668-BE54-9A1E7A4F7556}") = "SpacedGrid.Avalonia", "SpacedGrid.Avalonia\SpacedGrid.Avalonia.csproj", "{F2C2A4B1-7C5A-4FF2-AF54-CEC3D9B7384B}"
EndProject
Project("{9A19103F-16F7-4668-BE54-9A1E7A4F7556}") = "SpacedGrid.Avalonia.Demo", "SpacedGrid.Avalonia.Demo\SpacedGrid.Avalonia.Demo.csproj", "{461260C1-3BDD-44FB-B069-1D0FB092101E}"
EndProject
Global
	GlobalSection(SolutionConfigurationPlatforms) = preSolution
		Debug|Any CPU = Debug|Any CPU
		Release|Any CPU = Release|Any CPU
	EndGlobalSection
	GlobalSection(ProjectConfigurationPlatforms) = postSolution
		{F2C2A4B1-7C5A-4FF2-AF54-CEC3D9B7384B}.Debug|Any CPU.ActiveCfg = Debug|Any CPU
		{F2C2A4B1-7C5A-4FF2-AF54-CEC3D9B7384B}.Debug|Any CPU.Build.0 = Debug|Any CPU
		{F2C2A4B1-7C5A-4FF2-AF54-CEC3D9B7384B}.Release|Any CPU.ActiveCfg = Release|Any CPU
		{F2C2A4B1-7C5A-4FF2-AF54-CEC3D9B7384B}.Release|Any CPU.Build.0 = Release|Any CPU
		{461260C1-3BDD-44FB-B069-1D0FB092101E}.Debug|Any CPU.ActiveCfg = Debug|Any CPU
		{461260C1-3BDD-44FB-B069-1D0FB092101E}.Debug|Any CPU.Build.0 = Debug|Any CPU
		{461260C1-3BDD-44FB-B069-1D0FB092101E}.Release|Any CPU.ActiveCfg = Release|Any CPU
		{461260C1-3BDD-44FB-B069-1D0FB092101E}.Release|Any CPU.Build.0 = Release|Any CPU
	EndGlobalSection
	GlobalSection(SolutionProperties) = preSolution
		HideSolutionNode = FALSE
	EndGlobalSection
	GlobalSection(ExtensibilityGlobals) = postSolution
		SolutionGuid = {4D805F27-C7A4-4F13-8C1E-FF36150F7DA8}
	EndGlobalSection
EndGlobal
